
Microsoft Visual Studio Solution File, Format Version 12.00
# Visual Studio Version 16
VisualStudioVersion = 16.0.32510.428
MinimumVisualStudioVersion = 10.0.40219.1
Project("{FAE04EC0-301F-11D3-BF4B-00C04F79EFBC}") = "checkedbox", "checkedbox\checkedbox.csproj", "{EB9ACF65-C148-47D0-8B51-7126189C7819}"
EndProject
Global
	GlobalSection(SolutionConfigurationPlatforms) = preSolution
		Debug|Any CPU = Debug|Any CPU
		Release|Any CPU = Release|Any CPU
	EndGlobalSection
	GlobalSection(ProjectConfigurationPlatforms) = postSolution
		{EB9ACF65-C148-47D0-8B51-7126189C7819}.Debug|Any CPU.ActiveCfg = Debug|Any CPU
		{EB9ACF65-C148-47D0-8B51-7126189C7819}.Debug|Any CPU.Build.0 = Debug|Any CPU
		{EB9ACF65-C148-47D0-8B51-7126189C7819}.Release|Any CPU.ActiveCfg = Release|Any CPU
		{EB9ACF65-C148-47D0-8B51-7126189C7819}.Release|Any CPU.Build.0 = Release|Any CPU
	EndGlobalSection
	GlobalSection(SolutionProperties) = preSolution
		HideSolutionNode = FALSE
	EndGlobalSection
	GlobalSection(ExtensibilityGlobals) = postSolution
		SolutionGuid = {771A64B0-7595-4FF1-8E58-87EFAB125DAF}
	EndGlobalSection
EndGlobal
